
Microsoft Visual Studio Solution File, Format Version 12.00
# Visual Studio Version 16
VisualStudioVersion = 16.0.31105.61
MinimumVisualStudioVersion = 10.0.40219.1
Project("{FAE04EC0-301F-11D3-BF4B-00C04F79EFBC}") = "ShipCrudApp", "ShipCrudApp\ShipCrudApp.csproj", "{462A9AF3-1A37-4542-BAEF-6C44DF4B4945}"
EndProject
Global
	GlobalSection(SolutionConfigurationPlatforms) = preSolution
		Debug|Any CPU = Debug|Any CPU
		Release|Any CPU = Release|Any CPU
	EndGlobalSection
	GlobalSection(ProjectConfigurationPlatforms) = postSolution
		{462A9AF3-1A37-4542-BAEF-6C44DF4B4945}.Debug|Any CPU.ActiveCfg = Debug|Any CPU
		{462A9AF3-1A37-4542-BAEF-6C44DF4B4945}.Debug|Any CPU.Build.0 = Debug|Any CPU
		{462A9AF3-1A37-4542-BAEF-6C44DF4B4945}.Release|Any CPU.ActiveCfg = Release|Any CPU
		{462A9AF3-1A37-4542-BAEF-6C44DF4B4945}.Release|Any CPU.Build.0 = Release|Any CPU
	EndGlobalSection
	GlobalSection(SolutionProperties) = preSolution
		HideSolutionNode = FALSE
	EndGlobalSection
	GlobalSection(ExtensibilityGlobals) = postSolution
		SolutionGuid = {3203952E-4E15-4796-AC5D-596B10B8FB44}
	EndGlobalSection
EndGlobal
